
Microsoft Visual Studio Solution File, Format Version 12.00
# Visual Studio 15
VisualStudioVersion = 15.0.28307.852
MinimumVisualStudioVersion = 10.0.40219.1
Project("{FAE04EC0-301F-11D3-BF4B-00C04F79EFBC}") = "OCRWebAPP1", "OCRWebAPP1\OCRWebAPP1.csproj", "{49D62BFF-5036-4392-9341-04E0B180C019}"
EndProject
Global
	GlobalSection(SolutionConfigurationPlatforms) = preSolution
		Debug|Any CPU = Debug|Any CPU
		Release|Any CPU = Release|Any CPU
	EndGlobalSection
	GlobalSection(ProjectConfigurationPlatforms) = postSolution
		{49D62BFF-5036-4392-9341-04E0B180C019}.Debug|Any CPU.ActiveCfg = Debug|Any CPU
		{49D62BFF-5036-4392-9341-04E0B180C019}.Debug|Any CPU.Build.0 = Debug|Any CPU
		{49D62BFF-5036-4392-9341-04E0B180C019}.Release|Any CPU.ActiveCfg = Release|Any CPU
		{49D62BFF-5036-4392-9341-04E0B180C019}.Release|Any CPU.Build.0 = Release|Any CPU
	EndGlobalSection
	GlobalSection(SolutionProperties) = preSolution
		HideSolutionNode = FALSE
	EndGlobalSection
	GlobalSection(ExtensibilityGlobals) = postSolution
		SolutionGuid = {173E8050-89D7-4DC0-B613-0F4C1E28CCF2}
	EndGlobalSection
EndGlobal
